
Microsoft Visual Studio Solution File, Format Version 12.00
# Visual Studio Version 17
VisualStudioVersion = 17.13.35931.197
MinimumVisualStudioVersion = 10.0.40219.1
Project("{FAE04EC0-301F-11D3-BF4B-00C04F79EFBC}") = "AlexNest.wpf", "AlexNest.wpf\AlexNest.wpf.csproj", "{FB7D976C-54D1-44E9-8156-37E966A5278A}"
EndProject
Project("{FAE04EC0-301F-11D3-BF4B-00C04F79EFBC}") = "AlexNest.Core", "AlexNest.Core\AlexNest.Core.csproj", "{9E5B4FB7-678D-4576-9127-910E863E6AE6}"
EndProject
Project("{FAE04EC0-301F-11D3-BF4B-00C04F79EFBC}") = "AlexNest.IO.DXF", "AlexNest.IO.DXF\AlexNest.IO.DXF.csproj", "{D4104F2A-4825-4E45-B3F6-CBBDE1C25E3E}"
EndProject
Global
	GlobalSection(SolutionConfigurationPlatforms) = preSolution
		Debug|Any CPU = Debug|Any CPU
		Release|Any CPU = Release|Any CPU
	EndGlobalSection
	GlobalSection(ProjectConfigurationPlatforms) = postSolution
		{FB7D976C-54D1-44E9-8156-37E966A5278A}.Debug|Any CPU.ActiveCfg = Debug|Any CPU
		{FB7D976C-54D1-44E9-8156-37E966A5278A}.Debug|Any CPU.Build.0 = Debug|Any CPU
		{FB7D976C-54D1-44E9-8156-37E966A5278A}.Release|Any CPU.ActiveCfg = Release|Any CPU
		{FB7D976C-54D1-44E9-8156-37E966A5278A}.Release|Any CPU.Build.0 = Release|Any CPU
		{9E5B4FB7-678D-4576-9127-910E863E6AE6}.Debug|Any CPU.ActiveCfg = Debug|Any CPU
		{9E5B4FB7-678D-4576-9127-910E863E6AE6}.Debug|Any CPU.Build.0 = Debug|Any CPU
		{9E5B4FB7-678D-4576-9127-910E863E6AE6}.Release|Any CPU.ActiveCfg = Release|Any CPU
		{9E5B4FB7-678D-4576-9127-910E863E6AE6}.Release|Any CPU.Build.0 = Release|Any CPU
		{D4104F2A-4825-4E45-B3F6-CBBDE1C25E3E}.Debug|Any CPU.ActiveCfg = Debug|Any CPU
		{D4104F2A-4825-4E45-B3F6-CBBDE1C25E3E}.Debug|Any CPU.Build.0 = Debug|Any CPU
		{D4104F2A-4825-4E45-B3F6-CBBDE1C25E3E}.Release|Any CPU.ActiveCfg = Release|Any CPU
		{D4104F2A-4825-4E45-B3F6-CBBDE1C25E3E}.Release|Any CPU.Build.0 = Release|Any CPU
	EndGlobalSection
	GlobalSection(SolutionProperties) = preSolution
		HideSolutionNode = FALSE
	EndGlobalSection
	GlobalSection(ExtensibilityGlobals) = postSolution
		SolutionGuid = {2C3E83BC-1D87-4E6B-8BDA-F15739D18AF0}
	EndGlobalSection
EndGlobal
